
Microsoft Visual Studio Solution File, Format Version 12.00
# Visual Studio Version 17
VisualStudioVersion = 17.3.32922.545
MinimumVisualStudioVersion = 10.0.40219.1
Project("{FAE04EC0-301F-11D3-BF4B-00C04F79EFBC}") = "Task1", "Task1\Task1.csproj", "{5000BE38-152E-424E-BF91-E1F6DDC26B07}"
EndProject
Global
	GlobalSection(SolutionConfigurationPlatforms) = preSolution
		Debug|Any CPU = Debug|Any CPU
		Release|Any CPU = Release|Any CPU
	EndGlobalSection
	GlobalSection(ProjectConfigurationPlatforms) = postSolution
		{5000BE38-152E-424E-BF91-E1F6DDC26B07}.Debug|Any CPU.ActiveCfg = Debug|Any CPU
		{5000BE38-152E-424E-BF91-E1F6DDC26B07}.Debug|Any CPU.Build.0 = Debug|Any CPU
		{5000BE38-152E-424E-BF91-E1F6DDC26B07}.Release|Any CPU.ActiveCfg = Release|Any CPU
		{5000BE38-152E-424E-BF91-E1F6DDC26B07}.Release|Any CPU.Build.0 = Release|Any CPU
	EndGlobalSection
	GlobalSection(SolutionProperties) = preSolution
		HideSolutionNode = FALSE
	EndGlobalSection
	GlobalSection(ExtensibilityGlobals) = postSolution
		SolutionGuid = {5C4CF8EC-CC9A-4CE2-93F9-0DFCB21FBA5C}
	EndGlobalSection
EndGlobal
